
Microsoft Visual Studio Solution File, Format Version 12.00
# Visual Studio Version 17
VisualStudioVersion = 17.7.34031.279
MinimumVisualStudioVersion = 10.0.40219.1
Project("{FAE04EC0-301F-11D3-BF4B-00C04F79EFBC}") = "InventoryManagement", "InventoryManagement.csproj", "{79AFE77B-D6B0-4334-80AD-BE3D7D80451A}"
EndProject
Global
	GlobalSection(SolutionConfigurationPlatforms) = preSolution
		Debug|Any CPU = Debug|Any CPU
		Release|Any CPU = Release|Any CPU
	EndGlobalSection
	GlobalSection(ProjectConfigurationPlatforms) = postSolution
		{79AFE77B-D6B0-4334-80AD-BE3D7D80451A}.Debug|Any CPU.ActiveCfg = Debug|Any CPU
		{79AFE77B-D6B0-4334-80AD-BE3D7D80451A}.Debug|Any CPU.Build.0 = Debug|Any CPU
		{79AFE77B-D6B0-4334-80AD-BE3D7D80451A}.Release|Any CPU.ActiveCfg = Release|Any CPU
		{79AFE77B-D6B0-4334-80AD-BE3D7D80451A}.Release|Any CPU.Build.0 = Release|Any CPU
	EndGlobalSection
	GlobalSection(SolutionProperties) = preSolution
		HideSolutionNode = FALSE
	EndGlobalSection
	GlobalSection(ExtensibilityGlobals) = postSolution
		SolutionGuid = {21176CAD-1901-43FF-B8FE-D2CB50B9A248}
	EndGlobalSection
EndGlobal
